#MicroXplorer Configuration settings - do not modify
FREERTOS.FootprintOK=true
FREERTOS.IPParameters=Tasks01,FootprintOK,Mutexes01
FREERTOS.Mutexes01=myMutex01,Dynamic,NULL
FREERTOS.Tasks01=defaultTask,-3,128,StartDefaultTask,Default,NULL,Dynamic,NULL,NULL;tskLASFRONTLEFT,0,256,tskLASFRONTLEFT_fnc,Default,NULL,Dynamic,NULL,NULL;tskLASREARLEFT,0,256,tskLASREARLEFT_fnc,Default,NULL,Dynamic,NULL,NULL;tskLASFRONTRIGH,0,256,tskLASFRONTRIGHT_fnc,Default,NULL,Dynamic,NULL,NULL;tskEDGLFTFRONT,1,128,tskEDGLFTFRNT,Default,NULL,Dynamic,NULL,NULL;tskEDGLFTREAR,1,128,tskEDGLFTRER,Default,NULL,Dynamic,NULL,NULL;tskEDGRGTFRONT,1,128,tskEDGRGTFRNT,Default,NULL,Dynamic,NULL,NULL;tskEDGRGTREAR,1,128,tskEDGRGTRER,Default,NULL,Dynamic,NULL,NULL;rightPWM,-2,128,rightPWMFunc,Default,NULL,Dynamic,NULL,NULL;leftPWM,-2,128,leftPWMFunc,Default,NULL,Dynamic,NULL,NULL
File.Version=6
KeepUserPlacement=true
Mcu.Family=STM32F4
Mcu.IP0=FREERTOS
Mcu.IP1=I2C1
Mcu.IP2=NVIC
Mcu.IP3=RCC
Mcu.IP4=SYS
Mcu.IP5=TIM1
Mcu.IP6=TIM2
Mcu.IP7=TIM3
Mcu.IP8=USART2
Mcu.IPNb=9
Mcu.Name=STM32F401R(D-E)Tx
Mcu.Package=LQFP64
Mcu.Pin0=PC14-OSC32_IN
Mcu.Pin1=PC15-OSC32_OUT
Mcu.Pin10=PA3
Mcu.Pin11=PA4
Mcu.Pin12=PA6
Mcu.Pin13=PA7
Mcu.Pin14=PC5
Mcu.Pin15=PB0
Mcu.Pin16=PB1
Mcu.Pin17=PB2
Mcu.Pin18=PB10
Mcu.Pin19=PB12
Mcu.Pin2=PH0 - OSC_IN
Mcu.Pin20=PB13
Mcu.Pin21=PB14
Mcu.Pin22=PB15
Mcu.Pin23=PC6
Mcu.Pin24=PC7
Mcu.Pin25=PC8
Mcu.Pin26=PC9
Mcu.Pin27=PA8
Mcu.Pin28=PA9
Mcu.Pin29=PA10
Mcu.Pin3=PH1 - OSC_OUT
Mcu.Pin30=PA11
Mcu.Pin31=PA12
Mcu.Pin32=PA13
Mcu.Pin33=PA14
Mcu.Pin34=PB3
Mcu.Pin35=PB6
Mcu.Pin36=PB7
Mcu.Pin37=VP_FREERTOS_VS_ENABLE
Mcu.Pin38=VP_SYS_VS_tim4
Mcu.Pin4=PC0
Mcu.Pin5=PC2
Mcu.Pin6=PC3
Mcu.Pin7=PA0-WKUP
Mcu.Pin8=PA1
Mcu.Pin9=PA2
Mcu.PinsNb=39
Mcu.ThirdPartyNb=0
Mcu.UserConstants=
Mcu.UserName=STM32F401RETx
MxCube.Version=4.26.0
MxDb.Version=DB.4.0.260
NVIC.BusFault_IRQn=true\:0\:0\:false\:false\:false\:false\:true
NVIC.DebugMonitor_IRQn=true\:0\:0\:false\:false\:false\:false\:true
NVIC.EXTI0_IRQn=true\:5\:0\:false\:false\:true\:true\:true
NVIC.EXTI2_IRQn=true\:5\:0\:false\:false\:true\:true\:true
NVIC.EXTI3_IRQn=true\:5\:0\:false\:false\:true\:true\:true
NVIC.EXTI4_IRQn=true\:5\:0\:false\:false\:true\:true\:true
NVIC.HardFault_IRQn=true\:0\:0\:false\:false\:false\:false\:true
NVIC.MemoryManagement_IRQn=true\:0\:0\:false\:false\:false\:false\:true
NVIC.NonMaskableInt_IRQn=true\:0\:0\:false\:false\:false\:false\:true
NVIC.PendSV_IRQn=true\:15\:0\:false\:false\:false\:true\:false
NVIC.PriorityGroup=NVIC_PRIORITYGROUP_4
NVIC.SVCall_IRQn=true\:0\:0\:false\:false\:false\:false\:false
NVIC.SysTick_IRQn=true\:15\:0\:true\:false\:true\:true\:true
NVIC.TIM4_IRQn=true\:0\:0\:false\:false\:true\:false\:false
NVIC.TimeBase=TIM4_IRQn
NVIC.TimeBaseIP=TIM4
NVIC.UsageFault_IRQn=true\:0\:0\:false\:false\:false\:false\:true
PA0-WKUP.GPIOParameters=GPIO_Speed,GPIO_PuPd
PA0-WKUP.GPIO_PuPd=GPIO_NOPULL
PA0-WKUP.GPIO_Speed=GPIO_SPEED_FREQ_HIGH
PA0-WKUP.Signal=S_TIM2_CH1_ETR
PA1.GPIOParameters=GPIO_Speed,GPIO_PuPd
PA1.GPIO_PuPd=GPIO_NOPULL
PA1.GPIO_Speed=GPIO_SPEED_FREQ_HIGH
PA1.Signal=S_TIM2_CH2
PA10.GPIOParameters=GPIO_PuPd,GPIO_Label
PA10.GPIO_Label=LASER_FRONT_RIGHT_SHDN
PA10.GPIO_PuPd=GPIO_PULLUP
PA10.Locked=true
PA10.Signal=GPIO_Output
PA11.GPIOParameters=GPIO_Label
PA11.GPIO_Label=LASER_FRONT_LEFT_INTERRUPT
PA11.Locked=true
PA11.Signal=GPIO_Input
PA12.GPIOParameters=GPIO_PuPd,GPIO_Label
PA12.GPIO_Label=LASER_FRONT_LEFT_SHDN
PA12.GPIO_PuPd=GPIO_PULLUP
PA12.Locked=true
PA12.Signal=GPIO_Output
PA13.GPIOParameters=GPIO_Label
PA13.GPIO_Label=TMS
PA13.Locked=true
PA13.Mode=Serial_Wire
PA13.Signal=SYS_JTMS-SWDIO
PA14.GPIOParameters=GPIO_Label
PA14.GPIO_Label=TCK
PA14.Locked=true
PA14.Mode=Serial_Wire
PA14.Signal=SYS_JTCK-SWCLK
PA2.GPIOParameters=GPIO_Speed,GPIO_PuPd,GPIO_Label,GPIO_Mode
PA2.GPIO_Label=USART_TX
PA2.GPIO_Mode=GPIO_MODE_AF_PP
PA2.GPIO_PuPd=GPIO_NOPULL
PA2.GPIO_Speed=GPIO_SPEED_FREQ_LOW
PA2.Locked=true
PA2.Mode=Asynchronous
PA2.Signal=USART2_TX
PA3.GPIOParameters=GPIO_Speed,GPIO_PuPd,GPIO_Label,GPIO_Mode
PA3.GPIO_Label=USART_RX
PA3.GPIO_Mode=GPIO_MODE_AF_PP
PA3.GPIO_PuPd=GPIO_NOPULL
PA3.GPIO_Speed=GPIO_SPEED_FREQ_LOW
PA3.Locked=true
PA3.Mode=Asynchronous
PA3.Signal=USART2_RX
PA4.GPIOParameters=GPIO_Label
PA4.GPIO_Label=EDGE_LEFT_FRONT_INTERRUPT
PA4.Locked=true
PA4.Signal=GPXTI4
PA6.GPIOParameters=GPIO_ModeDefaultPP,GPIO_Speed,GPIO_PuPd
PA6.GPIO_ModeDefaultPP=GPIO_MODE_AF_OD
PA6.GPIO_PuPd=GPIO_PULLUP
PA6.GPIO_Speed=GPIO_SPEED_FREQ_HIGH
PA6.Locked=true
PA6.Signal=S_TIM3_CH1
PA7.Signal=S_TIM3_CH2
PA8.GPIOParameters=GPIO_Speed,GPIO_PuPd
PA8.GPIO_PuPd=GPIO_PULLUP
PA8.GPIO_Speed=GPIO_SPEED_FREQ_HIGH
PA8.Signal=S_TIM1_CH1
PA9.GPIOParameters=GPIO_Speed,GPIO_PuPd
PA9.GPIO_PuPd=GPIO_PULLUP
PA9.GPIO_Speed=GPIO_SPEED_FREQ_HIGH
PA9.Signal=S_TIM1_CH2
PB0.GPIOParameters=GPIO_PuPd,GPIO_Label
PB0.GPIO_Label=LASER_RIGHT_REAR_SHDN
PB0.GPIO_PuPd=GPIO_PULLUP
PB0.Locked=true
PB0.Signal=GPIO_Output
PB1.GPIOParameters=GPIO_Label
PB1.GPIO_Label=LASER_RIGHT_FRONT_INTERRUPT
PB1.Locked=true
PB1.Signal=GPIO_Input
PB10.GPIOParameters=GPIO_Label
PB10.GPIO_Label=LASER_LEFT_REAR_INTERRUPT
PB10.Locked=true
PB10.Signal=GPIO_Input
PB12.GPIOParameters=GPIO_PuPd,GPIO_Label
PB12.GPIO_Label=LASER_LEFT_REAR_SHDN
PB12.GPIO_PuPd=GPIO_PULLUP
PB12.Locked=true
PB12.Signal=GPIO_Output
PB13.GPIOParameters=GPIO_Label
PB13.GPIO_Label=LASER_LEFT_FRONT_INTERRUPT
PB13.Locked=true
PB13.Signal=GPIO_Input
PB14.GPIOParameters=GPIO_PuPd,GPIO_Label
PB14.GPIO_Label=LASER_LEFT_FRONT_SHDN
PB14.GPIO_PuPd=GPIO_PULLUP
PB14.Locked=true
PB14.Signal=GPIO_Output
PB15.GPIOParameters=GPIO_Label
PB15.GPIO_Label=LASER_REAR_RIGHT_INTERRUPT
PB15.Locked=true
PB15.Signal=GPIO_Input
PB2.GPIOParameters=GPIO_PuPd,GPIO_Label
PB2.GPIO_Label=LASER_RIGHT_FRONT_SHDN
PB2.GPIO_PuPd=GPIO_PULLUP
PB2.Locked=true
PB2.Signal=GPIO_Output
PB3.GPIOParameters=GPIO_Label
PB3.GPIO_Label=SWO
PB3.Locked=true
PB3.Signal=SYS_JTDO-SWO
PB6.Mode=I2C
PB6.Signal=I2C1_SCL
PB7.Mode=I2C
PB7.Signal=I2C1_SDA
PC0.GPIOParameters=GPIO_Label
PC0.GPIO_Label=EDGE_RIGHT_REAR_INTERRUPT
PC0.Locked=true
PC0.Signal=GPXTI0
PC14-OSC32_IN.Locked=true
PC14-OSC32_IN.Mode=LSE-External-Oscillator
PC14-OSC32_IN.Signal=RCC_OSC32_IN
PC15-OSC32_OUT.Locked=true
PC15-OSC32_OUT.Mode=LSE-External-Oscillator
PC15-OSC32_OUT.Signal=RCC_OSC32_OUT
PC2.GPIOParameters=GPIO_Label
PC2.GPIO_Label=EDGE_RIGHT_FRONT_INTERRUPT
PC2.Locked=true
PC2.Signal=GPXTI2
PC3.GPIOParameters=GPIO_Label
PC3.GPIO_Label=EDGE_LEFT_REAR_INTERRUPT
PC3.Locked=true
PC3.Signal=GPXTI3
PC5.GPIOParameters=GPIO_Label
PC5.GPIO_Label=LASER_RIGHT_REAR_INTERRUPT
PC5.Locked=true
PC5.Signal=GPIO_Input
PC6.GPIOParameters=GPIO_PuPd,GPIO_Label
PC6.GPIO_Label=LASER_REAR_RIGHT_SHDN
PC6.GPIO_PuPd=GPIO_PULLUP
PC6.Locked=true
PC6.Signal=GPIO_Output
PC7.GPIOParameters=GPIO_Label
PC7.GPIO_Label=LASER_REAR_LEFT_INTERRUPT
PC7.Locked=true
PC7.Signal=GPIO_Input
PC8.GPIOParameters=PinState,GPIO_PuPd,GPIO_Label
PC8.GPIO_Label=LASER_REAR_LEFT_SHDN
PC8.GPIO_PuPd=GPIO_PULLUP
PC8.Locked=true
PC8.PinState=GPIO_PIN_RESET
PC8.Signal=GPIO_Output
PC9.GPIOParameters=GPIO_Label
PC9.GPIO_Label=LASER_FRONT_RIGHT_INTERRUPT
PC9.Locked=true
PC9.Signal=GPIO_Input
PCC.Checker=false
PCC.Line=STM32F401
PCC.MCU=STM32F401R(D-E)Tx
PCC.PartNumber=STM32F401RETx
PCC.Seq0=0
PCC.Series=STM32F4
PCC.Temperature=25
PCC.Vdd=null
PH0\ -\ OSC_IN.Locked=true
PH0\ -\ OSC_IN.Mode=HSE-External-Clock-Source
PH0\ -\ OSC_IN.Signal=RCC_OSC_IN
PH1\ -\ OSC_OUT.Locked=true
PH1\ -\ OSC_OUT.Mode=HSE-External-Clock-Source
PH1\ -\ OSC_OUT.Signal=RCC_OSC_OUT
PinOutPanel.RotationAngle=0
ProjectManager.AskForMigrate=true
ProjectManager.BackupPrevious=false
ProjectManager.CompilerOptimize=3
ProjectManager.ComputerToolchain=false
ProjectManager.CoupleFile=false
ProjectManager.CustomerFirmwarePackage=
ProjectManager.DefaultFWLocation=true
ProjectManager.DeletePrevious=true
ProjectManager.DeviceId=STM32F401RETx
ProjectManager.FirmwarePackage=STM32Cube FW_F4 V1.21.0
ProjectManager.FreePins=false
ProjectManager.HalAssertFull=false
ProjectManager.HeapSize=0x200
ProjectManager.KeepUserCode=true
ProjectManager.LastFirmware=true
ProjectManager.LibraryCopy=1
ProjectManager.MainLocation=Src
ProjectManager.PreviousToolchain=TrueSTUDIO
ProjectManager.ProjectBuild=false
ProjectManager.ProjectFileName=VL53L1X_SUMO.ioc
ProjectManager.ProjectName=VL53L1X_SUMO
ProjectManager.StackSize=0x400
ProjectManager.TargetToolchain=TrueSTUDIO
ProjectManager.ToolChainLocation=
ProjectManager.UnderRoot=true
ProjectManager.functionlistsort=1-MX_GPIO_Init-GPIO-false-HAL-true,2-SystemClock_Config-RCC-false-HAL-false,3-MX_USART2_UART_Init-USART2-false-HAL-true,4-MX_I2C1_Init-I2C1-false-HAL-true,5-MX_TIM3_Init-TIM3-false-HAL-true,6-MX_TIM2_Init-TIM2-false-HAL-true,7-MX_TIM1_Init-TIM1-false-HAL-true
RCC.48MHZClocksFreq_Value=48000000
RCC.AHBFreq_Value=84000000
RCC.APB1CLKDivider=RCC_HCLK_DIV2
RCC.APB1Freq_Value=42000000
RCC.APB1TimFreq_Value=84000000
RCC.APB2Freq_Value=84000000
RCC.APB2TimFreq_Value=84000000
RCC.CortexFreq_Value=84000000
RCC.FCLKCortexFreq_Value=84000000
RCC.HCLKFreq_Value=84000000
RCC.HSE_VALUE=8000000
RCC.HSI_VALUE=16000000
RCC.I2SClocksFreq_Value=96000000
RCC.IPParameters=48MHZClocksFreq_Value,AHBFreq_Value,APB1CLKDivider,APB1Freq_Value,APB1TimFreq_Value,APB2Freq_Value,APB2TimFreq_Value,CortexFreq_Value,FCLKCortexFreq_Value,HCLKFreq_Value,HSE_VALUE,HSI_VALUE,I2SClocksFreq_Value,LSI_VALUE,MCO2PinFreq_Value,PLLCLKFreq_Value,PLLN,PLLP,PLLQ,PLLQCLKFreq_Value,RTCFreq_Value,RTCHSEDivFreq_Value,SYSCLKFreq_VALUE,SYSCLKSource,VCOI2SOutputFreq_Value,VCOInputFreq_Value,VCOOutputFreq_Value,VcooutputI2S
RCC.LSI_VALUE=32000
RCC.MCO2PinFreq_Value=84000000
RCC.PLLCLKFreq_Value=84000000
RCC.PLLN=336
RCC.PLLP=RCC_PLLP_DIV4
RCC.PLLQ=7
RCC.PLLQCLKFreq_Value=48000000
RCC.RTCFreq_Value=32000
RCC.RTCHSEDivFreq_Value=4000000
RCC.SYSCLKFreq_VALUE=84000000
RCC.SYSCLKSource=RCC_SYSCLKSOURCE_PLLCLK
RCC.VCOI2SOutputFreq_Value=192000000
RCC.VCOInputFreq_Value=1000000
RCC.VCOOutputFreq_Value=336000000
RCC.VcooutputI2S=96000000
SH.GPXTI0.0=GPIO_EXTI0
SH.GPXTI0.ConfNb=1
SH.GPXTI2.0=GPIO_EXTI2
SH.GPXTI2.ConfNb=1
SH.GPXTI3.0=GPIO_EXTI3
SH.GPXTI3.ConfNb=1
SH.GPXTI4.0=GPIO_EXTI4
SH.GPXTI4.ConfNb=1
SH.S_TIM1_CH1.0=TIM1_CH1,Encoder_Interface
SH.S_TIM1_CH1.ConfNb=1
SH.S_TIM1_CH2.0=TIM1_CH2,Encoder_Interface
SH.S_TIM1_CH2.ConfNb=1
SH.S_TIM2_CH1_ETR.0=TIM2_CH1,Encoder_Interface
SH.S_TIM2_CH1_ETR.ConfNb=1
SH.S_TIM2_CH2.0=TIM2_CH2,Encoder_Interface
SH.S_TIM2_CH2.ConfNb=1
SH.S_TIM3_CH1.0=TIM3_CH1,PWM Generation1 CH1
SH.S_TIM3_CH1.ConfNb=1
SH.S_TIM3_CH2.0=TIM3_CH2,PWM Generation2 CH2
SH.S_TIM3_CH2.ConfNb=1
TIM2.IPParameters=Period
TIM2.Period=4294967294
TIM3.Channel-PWM\ Generation1\ CH1=TIM_CHANNEL_1
TIM3.Channel-PWM\ Generation2\ CH2=TIM_CHANNEL_2
TIM3.IPParameters=Channel-PWM Generation1 CH1,Period,Pulse-PWM Generation1 CH1,Channel-PWM Generation2 CH2
TIM3.Period=16000
TIM3.Pulse-PWM\ Generation1\ CH1=100
USART2.IPParameters=VirtualMode
USART2.VirtualMode=VM_ASYNC
VP_FREERTOS_VS_ENABLE.Mode=Enabled
VP_FREERTOS_VS_ENABLE.Signal=FREERTOS_VS_ENABLE
VP_SYS_VS_tim4.Mode=TIM4
VP_SYS_VS_tim4.Signal=SYS_VS_tim4
board=NUCLEO-F401RE
boardIOC=true
